
Microsoft Visual Studio Solution File, Format Version 12.00
# Visual Studio 2012
Project("{FAE04EC0-301F-11D3-BF4B-00C04F79EFBC}") = "ToolFahrrad", "ToolFahrrad-v1\ToolFahrrad.csproj", "{F5A99130-73C0-4189-AEAF-88DB1119FDEF}"
EndProject
Global
	GlobalSection(SolutionConfigurationPlatforms) = preSolution
		Debug|Any CPU = Debug|Any CPU
		Release|Any CPU = Release|Any CPU
	EndGlobalSection
	GlobalSection(ProjectConfigurationPlatforms) = postSolution
		{F5A99130-73C0-4189-AEAF-88DB1119FDEF}.Debug|Any CPU.ActiveCfg = Debug|Any CPU
		{F5A99130-73C0-4189-AEAF-88DB1119FDEF}.Debug|Any CPU.Build.0 = Debug|Any CPU
		{F5A99130-73C0-4189-AEAF-88DB1119FDEF}.Release|Any CPU.ActiveCfg = Release|Any CPU
		{F5A99130-73C0-4189-AEAF-88DB1119FDEF}.Release|Any CPU.Build.0 = Release|Any CPU
	EndGlobalSection
	GlobalSection(SolutionProperties) = preSolution
		HideSolutionNode = FALSE
	EndGlobalSection
EndGlobal
